
Microsoft Visual Studio Solution File, Format Version 12.00
# Visual Studio Version 17
VisualStudioVersion = 17.13.35919.96 d17.13
MinimumVisualStudioVersion = 10.0.40219.1
Project("{FAE04EC0-301F-11D3-BF4B-00C04F79EFBC}") = "Mods", "Mods\Mods.csproj", "{3D52E7A0-E874-439A-A59F-F9B1F8E1A82A}"
EndProject
Global
	GlobalSection(SolutionConfigurationPlatforms) = preSolution
		Debug|Any CPU = Debug|Any CPU
		Release|Any CPU = Release|Any CPU
	EndGlobalSection
	GlobalSection(ProjectConfigurationPlatforms) = postSolution
		{3D52E7A0-E874-439A-A59F-F9B1F8E1A82A}.Debug|Any CPU.ActiveCfg = Debug|Any CPU
		{3D52E7A0-E874-439A-A59F-F9B1F8E1A82A}.Debug|Any CPU.Build.0 = Debug|Any CPU
		{3D52E7A0-E874-439A-A59F-F9B1F8E1A82A}.Release|Any CPU.ActiveCfg = Release|Any CPU
		{3D52E7A0-E874-439A-A59F-F9B1F8E1A82A}.Release|Any CPU.Build.0 = Release|Any CPU
	EndGlobalSection
	GlobalSection(SolutionProperties) = preSolution
		HideSolutionNode = FALSE
	EndGlobalSection
	GlobalSection(ExtensibilityGlobals) = postSolution
		SolutionGuid = {9272AD4A-6D16-4BDB-B1F1-77B71E23E572}
	EndGlobalSection
EndGlobal
